
Microsoft Visual Studio Solution File, Format Version 12.00
# Visual Studio 15
VisualStudioVersion = 15.0.26430.4
MinimumVisualStudioVersion = 10.0.40219.1
Project("{FAE04EC0-301F-11D3-BF4B-00C04F79EFBC}") = "OdeToFood", "OdeToFood\OdeToFood.csproj", "{FADD72F1-5B5E-4086-8477-E17DC10C38F6}"
EndProject
Global
	GlobalSection(SolutionConfigurationPlatforms) = preSolution
		Debug|Any CPU = Debug|Any CPU
		Release|Any CPU = Release|Any CPU
	EndGlobalSection
	GlobalSection(ProjectConfigurationPlatforms) = postSolution
		{FADD72F1-5B5E-4086-8477-E17DC10C38F6}.Debug|Any CPU.ActiveCfg = Debug|Any CPU
		{FADD72F1-5B5E-4086-8477-E17DC10C38F6}.Debug|Any CPU.Build.0 = Debug|Any CPU
		{FADD72F1-5B5E-4086-8477-E17DC10C38F6}.Release|Any CPU.ActiveCfg = Release|Any CPU
		{FADD72F1-5B5E-4086-8477-E17DC10C38F6}.Release|Any CPU.Build.0 = Release|Any CPU
	EndGlobalSection
	GlobalSection(SolutionProperties) = preSolution
		HideSolutionNode = FALSE
	EndGlobalSection
EndGlobal
